// !$*UTF8*$!
{
	archiveVersion = 1;
	classes = {
	};
	objectVersion = 46;
	objects = {

/* Begin PBXBuildFile section */
		4AF0DF031D3FE15D002DB340 /* main.m in Sources */ = {isa = PBXBuildFile; fileRef = 4AF0DF021D3FE15D002DB340 /* main.m */; };
		4AF0DF061D3FE15D002DB340 /* AppDelegate.m in Sources */ = {isa = PBXBuildFile; fileRef = 4AF0DF051D3FE15D002DB340 /* AppDelegate.m */; };
		4AF0DF091D3FE15D002DB340 /* ConsoleDisplayViewController.m in Sources */ = {isa = PBXBuildFile; fileRef = 4AF0DF081D3FE15D002DB340 /* ConsoleDisplayViewController.m */; };
		4AF0DF0C1D3FE15D002DB340 /* Main.storyboard in Resources */ = {isa = PBXBuildFile; fileRef = 4AF0DF0A1D3FE15D002DB340 /* Main.storyboard */; };
		4AF0DF0E1D3FE15D002DB340 /* Assets.xcassets in Resources */ = {isa = PBXBuildFile; fileRef = 4AF0DF0D1D3FE15D002DB340 /* Assets.xcassets */; };
		4AF0DF111D3FE15D002DB340 /* LaunchScreen.storyboard in Resources */ = {isa = PBXBuildFile; fileRef = 4AF0DF0F1D3FE15D002DB340 /* LaunchScreen.storyboard */; };
		4AF0DF191D3FF4F6002DB340 /* digital-7.ttf in Resources */ = {isa = PBXBuildFile; fileRef = 4AF0DF181D3FE2AE002DB340 /* digital-7.ttf */; };
		4AF0DF1C1D3FF5B8002DB340 /* SetDestinationViewController.m in Sources */ = {isa = PBXBuildFile; fileRef = 4AF0DF1B1D3FF5B8002DB340 /* SetDestinationViewController.m */; };
/* End PBXBuildFile section */

/* Begin PBXFileReference section */
		4AF0DEFE1D3FE15C002DB340 /* OuttaTime.app */ = {isa = PBXFileReference; explicitFileType = wrapper.application; includeInIndex = 0; path = OuttaTime.app; sourceTree = BUILT_PRODUCTS_DIR; };
		4AF0DF021D3FE15D002DB340 /* main.m */ = {isa = PBXFileReference; lastKnownFileType = sourcecode.c.objc; path = main.m; sourceTree = "<group>"; };
		4AF0DF041D3FE15D002DB340 /* AppDelegate.h */ = {isa = PBXFileReference; lastKnownFileType = sourcecode.c.h; path = AppDelegate.h; sourceTree = "<group>"; };
		4AF0DF051D3FE15D002DB340 /* AppDelegate.m */ = {isa = PBXFileReference; lastKnownFileType = sourcecode.c.objc; path = AppDelegate.m; sourceTree = "<group>"; };
		4AF0DF071D3FE15D002DB340 /* ConsoleDisplayViewController.h */ = {isa = PBXFileReference; lastKnownFileType = sourcecode.c.h; path = ConsoleDisplayViewController.h; sourceTree = "<group>"; };
		4AF0DF081D3FE15D002DB340 /* ConsoleDisplayViewController.m */ = {isa = PBXFileReference; lastKnownFileType = sourcecode.c.objc; path = ConsoleDisplayViewController.m; sourceTree = "<group>"; };
		4AF0DF0B1D3FE15D002DB340 /* Base */ = {isa = PBXFileReference; lastKnownFileType = file.storyboard; name = Base; path = Base.lproj/Main.storyboard; sourceTree = "<group>"; };
		4AF0DF0D1D3FE15D002DB340 /* Assets.xcassets */ = {isa = PBXFileReference; lastKnownFileType = folder.assetcatalog; path = Assets.xcassets; sourceTree = "<group>"; };
		4AF0DF101D3FE15D002DB340 /* Base */ = {isa = PBXFileReference; lastKnownFileType = file.storyboard; name = Base; path = Base.lproj/LaunchScreen.storyboard; sourceTree = "<group>"; };
		4AF0DF121D3FE15D002DB340 /* Info.plist */ = {isa = PBXFileReference; lastKnownFileType = text.plist.xml; path = Info.plist; sourceTree = "<group>"; };
		4AF0DF181D3FE2AE002DB340 /* digital-7.ttf */ = {isa = PBXFileReference; lastKnownFileType = file; path = "digital-7.ttf"; sourceTree = "<group>"; };
		4AF0DF1A1D3FF5B8002DB340 /* SetDestinationViewController.h */ = {isa = PBXFileReference; fileEncoding = 4; lastKnownFileType = sourcecode.c.h; path = SetDestinationViewController.h; sourceTree = "<group>"; };
		4AF0DF1B1D3FF5B8002DB340 /* SetDestinationViewController.m */ = {isa = PBXFileReference; fileEncoding = 4; lastKnownFileType = sourcecode.c.objc; path = SetDestinationViewController.m; sourceTree = "<group>"; };
/* End PBXFileReference section */

/* Begin PBXFrameworksBuildPhase section */
		4AF0DEFB1D3FE15C002DB340 /* Frameworks */ = {
			isa = PBXFrameworksBuildPhase;
			buildActionMask = 2147483647;
			files = (
			);
			runOnlyForDeploymentPostprocessing = 0;
		};
/* End PBXFrameworksBuildPhase section */

/* Begin PBXGroup section */
		4AF0DEF51D3FE15C002DB340 = {
			isa = PBXGroup;
			children = (
				4AF0DF001D3FE15D002DB340 /* OuttaTime */,
				4AF0DEFF1D3FE15C002DB340 /* Products */,
			);
			sourceTree = "<group>";
		};
		4AF0DEFF1D3FE15C002DB340 /* Products */ = {
			isa = PBXGroup;
			children = (
				4AF0DEFE1D3FE15C002DB340 /* OuttaTime.app */,
			);
			name = Products;
			sourceTree = "<group>";
		};
		4AF0DF001D3FE15D002DB340 /* OuttaTime */ = {
			isa = PBXGroup;
			children = (
				4AF0DF181D3FE2AE002DB340 /* digital-7.ttf */,
				4AF0DF041D3FE15D002DB340 /* AppDelegate.h */,
				4AF0DF051D3FE15D002DB340 /* AppDelegate.m */,
				4AF0DF071D3FE15D002DB340 /* ConsoleDisplayViewController.h */,
				4AF0DF081D3FE15D002DB340 /* ConsoleDisplayViewController.m */,
				4AF0DF1A1D3FF5B8002DB340 /* SetDestinationViewController.h */,
				4AF0DF1B1D3FF5B8002DB340 /* SetDestinationViewController.m */,
				4AF0DF0A1D3FE15D002DB340 /* Main.storyboard */,
				4AF0DF0D1D3FE15D002DB340 /* Assets.xcassets */,
				4AF0DF0F1D3FE15D002DB340 /* LaunchScreen.storyboard */,
				4AF0DF121D3FE15D002DB340 /* Info.plist */,
				4AF0DF011D3FE15D002DB340 /* Supporting Files */,
			);
			path = OuttaTime;
			sourceTree = "<group>";
		};
		4AF0DF011D3FE15D002DB340 /* Supporting Files */ = {
			isa = PBXGroup;
			children = (
				4AF0DF021D3FE15D002DB340 /* main.m */,
			);
			name = "Supporting Files";
			sourceTree = "<group>";
		};
/* End PBXGroup section */

/* Begin PBXNativeTarget section */
		4AF0DEFD1D3FE15C002DB340 /* OuttaTime */ = {
			isa = PBXNativeTarget;
			buildConfigurationList = 4AF0DF151D3FE15D002DB340 /* Build configuration list for PBXNativeTarget "OuttaTime" */;
			buildPhases = (
				4AF0DEFA1D3FE15C002DB340 /* Sources */,
				4AF0DEFB1D3FE15C002DB340 /* Frameworks */,
				4AF0DEFC1D3FE15C002DB340 /* Resources */,
			);
			buildRules = (
			);
			dependencies = (
			);
			name = OuttaTime;
			productName = OuttaTime;
			productReference = 4AF0DEFE1D3FE15C002DB340 /* OuttaTime.app */;
			productType = "com.apple.product-type.application";
		};
/* End PBXNativeTarget section */

/* Begin PBXProject section */
		4AF0DEF61D3FE15C002DB340 /* Project object */ = {
			isa = PBXProject;
			attributes = {
				LastUpgradeCheck = 0730;
				ORGANIZATIONNAME = "Gregory Weiss";
				TargetAttributes = {
					4AF0DEFD1D3FE15C002DB340 = {
						CreatedOnToolsVersion = 7.3.1;
					};
				};
			};
			buildConfigurationList = 4AF0DEF91D3FE15C002DB340 /* Build configuration list for PBXProject "OuttaTime" */;
			compatibilityVersion = "Xcode 3.2";
			developmentRegion = English;
			hasScannedForEncodings = 0;
			knownRegions = (
				en,
				Base,
			);
			mainGroup = 4AF0DEF51D3FE15C002DB340;
			productRefGroup = 4AF0DEFF1D3FE15C002DB340 /* Products */;
			projectDirPath = "";
			projectRoot = "";
			targets = (
				4AF0DEFD1D3FE15C002DB340 /* OuttaTime */,
			);
		};
/* End PBXProject section */

/* Begin PBXResourcesBuildPhase section */
		4AF0DEFC1D3FE15C002DB340 /* Resources */ = {
			isa = PBXResourcesBuildPhase;
			buildActionMask = 2147483647;
			files = (
				4AF0DF111D3FE15D002DB340 /* LaunchScreen.storyboard in Resources */,
				4AF0DF0E1D3FE15D002DB340 /* Assets.xcassets in Resources */,
				4AF0DF0C1D3FE15D002DB340 /* Main.storyboard in Resources */,
				4AF0DF191D3FF4F6002DB340 /* digital-7.ttf in Resources */,
			);
			runOnlyForDeploymentPostprocessing = 0;
		};
/* End PBXResourcesBuildPhase section */

/* Begin PBXSourcesBuildPhase section */
		4AF0DEFA1D3FE15C002DB340 /* Sources */ = {
			isa = PBXSourcesBuildPhase;
			buildActionMask = 2147483647;
			files = (
				4AF0DF091D3FE15D002DB340 /* ConsoleDisplayViewController.m in Sources */,
				4AF0DF061D3FE15D002DB340 /* AppDelegate.m in Sources */,
				4AF0DF1C1D3FF5B8002DB340 /* SetDestinationViewController.m in Sources */,
				4AF0DF031D3FE15D002DB340 /* main.m in Sources */,
			);
			runOnlyForDeploymentPostprocessing = 0;
		};
/* End PBXSourcesBuildPhase section */

/* Begin PBXVariantGroup section */
		4AF0DF0A1D3FE15D002DB340 /* Main.storyboard */ = {
			isa = PBXVariantGroup;
			children = (
				4AF0DF0B1D3FE15D002DB340 /* Base */,
			);
			name = Main.storyboard;
			sourceTree = "<group>";
		};
		4AF0DF0F1D3FE15D002DB340 /* LaunchScreen.storyboard */ = {
			isa = PBXVariantGroup;
			children = (
				4AF0DF101D3FE15D002DB340 /* Base */,
			);
			name = LaunchScreen.storyboard;
			sourceTree = "<group>";
		};
/* End PBXVariantGroup section */

/* Begin XCBuildConfiguration section */
		4AF0DF131D3FE15D002DB340 /* Debug */ = {
			isa = XCBuildConfiguration;
			buildSettings = {
				ALWAYS_SEARCH_USER_PATHS = NO;
				CLANG_ANALYZER_NONNULL = YES;
				CLANG_CXX_LANGUAGE_STANDARD = "gnu++0x";
				CLANG_CXX_LIBRARY = "libc++";
				CLANG_ENABLE_MODULES = YES;
				CLANG_ENABLE_OBJC_ARC = YES;
				CLANG_WARN_BOOL_CONVERSION = YES;
				CLANG_WARN_CONSTANT_CONVERSION = YES;
				CLANG_WARN_DIRECT_OBJC_ISA_USAGE = YES_ERROR;
				CLANG_WARN_EMPTY_BODY = YES;
				CLANG_WARN_ENUM_CONVERSION = YES;
				CLANG_WARN_INT_CONVERSION = YES;
				CLANG_WARN_OBJC_ROOT_CLASS = YES_ERROR;
				CLANG_WARN_UNREACHABLE_CODE = YES;
				CLANG_WARN__DUPLICATE_METHOD_MATCH = YES;
				"CODE_SIGN_IDENTITY[sdk=iphoneos*]" = "iPhone Developer";
				COPY_PHASE_STRIP = NO;
				DEBUG_INFORMATION_FORMAT = dwarf;
				ENABLE_STRICT_OBJC_MSGSEND = YES;
				ENABLE_TESTABILITY = YES;
				GCC_C_LANGUAGE_STANDARD = gnu99;
				GCC_DYNAMIC_NO_PIC = NO;
				GCC_NO_COMMON_BLOCKS = YES;
				GCC_OPTIMIZATION_LEVEL = 0;
				GCC_PREPROCESSOR_DEFINITIONS = (
					"DEBUG=1",
					"$(inherited)",
				);
				GCC_WARN_64_TO_32_BIT_CONVERSION = YES;
				GCC_WARN_ABOUT_RETURN_TYPE = YES_ERROR;
				GCC_WARN_UNDECLARED_SELECTOR = YES;
				GCC_WARN_UNINITIALIZED_AUTOS = YES_AGGRESSIVE;
				GCC_WARN_UNUSED_FUNCTION = YES;
				GCC_WARN_UNUSED_VARIABLE = YES;
				IPHONEOS_DEPLOYMENT_TARGET = 9.3;
				MTL_ENABLE_DEBUG_INFO = YES;
				ONLY_ACTIVE_ARCH = YES;
				SDKROOT = iphoneos;
			};
			name = Debug;
		};
		4AF0DF141D3FE15D002DB340 /* Release */ = {
			isa = XCBuildConfiguration;
			buildSettings = {
				ALWAYS_SEARCH_USER_PATHS = NO;
				CLANG_ANALYZER_NONNULL = YES;
				CLANG_CXX_LANGUAGE_STANDARD = "gnu++0x";
				CLANG_CXX_LIBRARY = "libc++";
				CLANG_ENABLE_MODULES = YES;
				CLANG_ENABLE_OBJC_ARC = YES;
				CLANG_WARN_BOOL_CONVERSION = YES;
				CLANG_WARN_CONSTANT_CONVERSION = YES;
				CLANG_WARN_DIRECT_OBJC_ISA_USAGE = YES_ERROR;
				CLANG_WARN_EMPTY_BODY = YES;
				CLANG_WARN_ENUM_CONVERSION = YES;
				CLANG_WARN_INT_CONVERSION = YES;
				CLANG_WARN_OBJC_ROOT_CLASS = YES_ERROR;
				CLANG_WARN_UNREACHABLE_CODE = YES;
				CLANG_WARN__DUPLICATE_METHOD_MATCH = YES;
				"CODE_SIGN_IDENTITY[sdk=iphoneos*]" = "iPhone Developer";
				COPY_PHASE_STRIP = NO;
				DEBUG_INFORMATION_FORMAT = "dwarf-with-dsym";
				ENABLE_NS_ASSERTIONS = NO;
				ENABLE_STRICT_OBJC_MSGSEND = YES;
				GCC_C_LANGUAGE_STANDARD = gnu99;
				GCC_NO_COMMON_BLOCKS = YES;
				GCC_WARN_64_TO_32_BIT_CONVERSION = YES;
				GCC_WARN_ABOUT_RETURN_TYPE = YES_ERROR;
				GCC_WARN_UNDECLARED_SELECTOR = YES;
				GCC_WARN_UNINITIALIZED_AUTOS = YES_AGGRESSIVE;
				GCC_WARN_UNUSED_FUNCTION = YES;
				GCC_WARN_UNUSED_VARIABLE = YES;
				IPHONEOS_DEPLOYMENT_TARGET = 9.3;
				MTL_ENABLE_DEBUG_INFO = NO;
				SDKROOT = iphoneos;
				VALIDATE_PRODUCT = YES;
			};
			name = Release;
		};
		4AF0DF161D3FE15D002DB340 /* Debug */ = {
			isa = XCBuildConfiguration;
			buildSettings = {
				ASSETCATALOG_COMPILER_APPICON_NAME = AppIcon;
				INFOPLIST_FILE = OuttaTime/Info.plist;
				IPHONEOS_DEPLOYMENT_TARGET = 9.3;
				LD_RUNPATH_SEARCH_PATHS = "$(inherited) @executable_path/Frameworks";
				PRODUCT_BUNDLE_IDENTIFIER = com.gerusa04.OuttaTime;
				PRODUCT_NAME = "$(TARGET_NAME)";
			};
			name = Debug;
		};
		4AF0DF171D3FE15D002DB340 /* Release */ = {
			isa = XCBuildConfiguration;
			buildSettings = {
				ASSETCATALOG_COMPILER_APPICON_NAME = AppIcon;
				INFOPLIST_FILE = OuttaTime/Info.plist;
				IPHONEOS_DEPLOYMENT_TARGET = 9.3;
				LD_RUNPATH_SEARCH_PATHS = "$(inherited) @executable_path/Frameworks";
				PRODUCT_BUNDLE_IDENTIFIER = com.gerusa04.OuttaTime;
				PRODUCT_NAME = "$(TARGET_NAME)";
			};
			name = Release;
		};
/* End XCBuildConfiguration section */

/* Begin XCConfigurationList section */
		4AF0DEF91D3FE15C002DB340 /* Build configuration list for PBXProject "OuttaTime" */ = {
			isa = XCConfigurationList;
			buildConfigurations = (
				4AF0DF131D3FE15D002DB340 /* Debug */,
				4AF0DF141D3FE15D002DB340 /* Release */,
			);
			defaultConfigurationIsVisible = 0;
			defaultConfigurationName = Release;
		};
		4AF0DF151D3FE15D002DB340 /* Build configuration list for PBXNativeTarget "OuttaTime" */ = {
			isa = XCConfigurationList;
			buildConfigurations = (
				4AF0DF161D3FE15D002DB340 /* Debug */,
				4AF0DF171D3FE15D002DB340 /* Release */,
			);
			defaultConfigurationIsVisible = 0;
		};
/* End XCConfigurationList section */
	};
	rootObject = 4AF0DEF61D3FE15C002DB340 /* Project object */;
}
